
Microsoft Visual Studio Solution File, Format Version 12.00
# Visual Studio Version 16
VisualStudioVersion = 16.0.29411.138
MinimumVisualStudioVersion = 10.0.40219.1
Project("{9A19103F-16F7-4668-BE54-9A1E7A4F7556}") = "BikeRentalService", "BikeRentalService\BikeRentalService.csproj", "{4EB327F0-3997-4245-97C8-D0A48035B31D}"
EndProject
Project("{FAE04EC0-301F-11D3-BF4B-00C04F79EFBC}") = "BikeRentalTests", "BikeRentalTests\BikeRentalTests.csproj", "{185F4153-518A-4E6C-AE0C-C4E7A4132AED}"
EndProject
Global
	GlobalSection(SolutionConfigurationPlatforms) = preSolution
		Debug|Any CPU = Debug|Any CPU
		Release|Any CPU = Release|Any CPU
	EndGlobalSection
	GlobalSection(ProjectConfigurationPlatforms) = postSolution
		{4EB327F0-3997-4245-97C8-D0A48035B31D}.Debug|Any CPU.ActiveCfg = Debug|Any CPU
		{4EB327F0-3997-4245-97C8-D0A48035B31D}.Debug|Any CPU.Build.0 = Debug|Any CPU
		{4EB327F0-3997-4245-97C8-D0A48035B31D}.Release|Any CPU.ActiveCfg = Release|Any CPU
		{4EB327F0-3997-4245-97C8-D0A48035B31D}.Release|Any CPU.Build.0 = Release|Any CPU
		{185F4153-518A-4E6C-AE0C-C4E7A4132AED}.Debug|Any CPU.ActiveCfg = Debug|Any CPU
		{185F4153-518A-4E6C-AE0C-C4E7A4132AED}.Debug|Any CPU.Build.0 = Debug|Any CPU
		{185F4153-518A-4E6C-AE0C-C4E7A4132AED}.Release|Any CPU.ActiveCfg = Release|Any CPU
		{185F4153-518A-4E6C-AE0C-C4E7A4132AED}.Release|Any CPU.Build.0 = Release|Any CPU
	EndGlobalSection
	GlobalSection(SolutionProperties) = preSolution
		HideSolutionNode = FALSE
	EndGlobalSection
	GlobalSection(ExtensibilityGlobals) = postSolution
		SolutionGuid = {BBA0EB0F-DF0A-42D6-A47F-4E873207BA55}
	EndGlobalSection
EndGlobal
